<?xml version="1.0" encoding="utf-8"?>
<Project ToolsVersion="4.0" xmlns="http://schemas.microsoft.com/developer/msbuild/2003">
  <ItemGroup>
    <Filter Include="Archivos de origen">
      <UniqueIdentifier>{4FC737F1-C7A5-4376-A066-2A32D752A2FF}</UniqueIdentifier>
      <Extensions>cpp;c;cc;cxx;c++;cppm;ixx;def;odl;idl;hpj;bat;asm;asmx</Extensions>
    </Filter>
    <Filter Include="Archivos de encabezado">
      <UniqueIdentifier>{93995380-89BD-4b04-88EB-625FBE52EBFB}</UniqueIdentifier>
      <Extensions>h;hh;hpp;hxx;h++;hm;inl;inc;ipp;xsd</Extensions>
    </Filter>
    <Filter Include="Archivos de recursos">
      <UniqueIdentifier>{67DA6AB6-F800-4c08-8B7A-83BB121AAD01}</UniqueIdentifier>
      <Extensions>rc;ico;cur;bmp;dlg;rc2;rct;bin;rgs;gif;jpg;jpeg;jpe;resx;tiff;tif;png;wav;mfcribbon-ms</Extensions>
    </Filter>
  </ItemGroup>
  <ItemGroup>
    <ClCompile Include="BulletHell.cpp">
      <Filter>Archivos de origen</Filter>
    </ClCompile>
    <ClCompile Include="StateManager.cpp">
      <Filter>Archivos de origen</Filter>
    </ClCompile>
    <ClCompile Include="MenuState.cpp">
      <Filter>Archivos de origen</Filter>
    </ClCompile>
    <ClCompile Include="TestState.cpp">
      <Filter>Archivos de origen</Filter>
    </ClCompile>
    <ClCompile Include="Level1State.cpp">
      <Filter>Archivos de origen</Filter>
    </ClCompile>
    <ClCompile Include="LevelLoader.cpp">
      <Filter>Archivos de origen</Filter>
    </ClCompile>
    <ClCompile Include="BaseCharacter.cpp">
      <Filter>Archivos de origen</Filter>
    </ClCompile>
    <ClCompile Include="Player.cpp">
      <Filter>Archivos de origen</Filter>
    </ClCompile>
    <ClCompile Include="Bullet.cpp">
      <Filter>Archivos de origen</Filter>
    </ClCompile>
    <ClCompile Include="PlayerBullet.cpp">
      <Filter>Archivos de origen</Filter>
    </ClCompile>
    <ClCompile Include="EnemyBullet.cpp">
      <Filter>Archivos de origen</Filter>
    </ClCompile>
  </ItemGroup>
  <ItemGroup>
    <Image Include="assets\ships\Background 2 Effects Sprite Sheet.png">
      <Filter>Archivos de recursos</Filter>
    </Image>
    <Image Include="assets\ships\Background 2 Sprite Sheet.png">
      <Filter>Archivos de recursos</Filter>
    </Image>
    <Image Include="assets\ships\Boss 1 - Alt Sprite Sheet.png">
      <Filter>Archivos de recursos</Filter>
    </Image>
    <Image Include="assets\ships\Boss 1 - Sprite Sheet.png">
      <Filter>Archivos de recursos</Filter>
    </Image>
    <Image Include="assets\ships\Boss 2 - Sprite Sheet.png">
      <Filter>Archivos de recursos</Filter>
    </Image>
    <Image Include="assets\ships\Boss 2 -Alt Sprite Sheet.png">
      <Filter>Archivos de recursos</Filter>
    </Image>
    <Image Include="assets\ships\Boss Explosions Sprite Sheet.png">
      <Filter>Archivos de recursos</Filter>
    </Image>
    <Image Include="assets\ships\Enemies T1 Sprite Sheet.png">
      <Filter>Archivos de recursos</Filter>
    </Image>
    <Image Include="assets\ships\Enemy Explosion Sprite Sheet.png">
      <Filter>Archivos de recursos</Filter>
    </Image>
    <Image Include="assets\ships\Nebula Shot Levels - Sprite Sheet 32x32.png">
      <Filter>Archivos de recursos</Filter>
    </Image>
    <Image Include="assets\ships\Ship-Nebula - Sprite Sheet.png">
      <Filter>Archivos de recursos</Filter>
    </Image>
  </ItemGroup>
  <ItemGroup>
    <ClInclude Include="StateManager.h">
      <Filter>Archivos de encabezado</Filter>
    </ClInclude>
    <ClInclude Include="IGameState.h">
      <Filter>Archivos de encabezado</Filter>
    </ClInclude>
    <ClInclude Include="MenuState.h">
      <Filter>Archivos de encabezado</Filter>
    </ClInclude>
    <ClInclude Include="AViewState.h">
      <Filter>Archivos de encabezado</Filter>
    </ClInclude>
    <ClInclude Include="IManager.h">
      <Filter>Archivos de encabezado</Filter>
    </ClInclude>
    <ClInclude Include="TestState.h">
      <Filter>Archivos de encabezado</Filter>
    </ClInclude>
    <ClInclude Include="Level1State.h">
      <Filter>Archivos de encabezado</Filter>
    </ClInclude>
    <ClInclude Include="LevelLoader.h">
      <Filter>Archivos de encabezado</Filter>
    </ClInclude>
    <ClInclude Include="external\json.hpp">
      <Filter>Archivos de encabezado</Filter>
    </ClInclude>
    <ClInclude Include="BaseCharacter.h">
      <Filter>Archivos de encabezado</Filter>
    </ClInclude>
    <ClInclude Include="Player.h">
      <Filter>Archivos de encabezado</Filter>
    </ClInclude>
    <ClInclude Include="Bullet.h">
      <Filter>Archivos de encabezado</Filter>
    </ClInclude>
    <ClInclude Include="PlayerBullet.h">
      <Filter>Archivos de encabezado</Filter>
    </ClInclude>
    <ClInclude Include="EnemyBullet.h">
      <Filter>Archivos de encabezado</Filter>
    </ClInclude>
  </ItemGroup>
</Project>